// !$*UTF8*$!
{
	archiveVersion = 1;
	classes = {
	};
	objectVersion = 46;
	objects = {

/* Begin PBXBuildFile section */
		00B015C6187C081500D6F349 /* Foundation.framework in Frameworks */ = {isa = PBXBuildFile; fileRef = 00B015C5187C081500D6F349 /* Foundation.framework */; };
		00B015C8187C081500D6F349 /* CoreGraphics.framework in Frameworks */ = {isa = PBXBuildFile; fileRef = 00B015C7187C081500D6F349 /* CoreGraphics.framework */; };
		00B015CA187C081500D6F349 /* UIKit.framework in Frameworks */ = {isa = PBXBuildFile; fileRef = 00B015C9187C081500D6F349 /* UIKit.framework */; };
		00B015D0187C081500D6F349 /* InfoPlist.strings in Resources */ = {isa = PBXBuildFile; fileRef = 00B015CE187C081500D6F349 /* InfoPlist.strings */; };
		00B015D2187C081500D6F349 /* main.m in Sources */ = {isa = PBXBuildFile; fileRef = 00B015D1187C081500D6F349 /* main.m */; };
		00B015D6187C081500D6F349 /* AppDelegate.m in Sources */ = {isa = PBXBuildFile; fileRef = 00B015D5187C081500D6F349 /* AppDelegate.m */; };
		00B015D9187C081500D6F349 /* Main.storyboard in Resources */ = {isa = PBXBuildFile; fileRef = 00B015D7187C081500D6F349 /* Main.storyboard */; };
		00B015DC187C081500D6F349 /* ViewController.m in Sources */ = {isa = PBXBuildFile; fileRef = 00B015DB187C081500D6F349 /* ViewController.m */; };
		00B015DE187C081500D6F349 /* Images.xcassets in Resources */ = {isa = PBXBuildFile; fileRef = 00B015DD187C081500D6F349 /* Images.xcassets */; };
		00B015E5187C081500D6F349 /* XCTest.framework in Frameworks */ = {isa = PBXBuildFile; fileRef = 00B015E4187C081500D6F349 /* XCTest.framework */; };
		00B015E6187C081500D6F349 /* Foundation.framework in Frameworks */ = {isa = PBXBuildFile; fileRef = 00B015C5187C081500D6F349 /* Foundation.framework */; };
		00B015E7187C081500D6F349 /* UIKit.framework in Frameworks */ = {isa = PBXBuildFile; fileRef = 00B015C9187C081500D6F349 /* UIKit.framework */; };
		00B015EF187C081500D6F349 /* InfoPlist.strings in Resources */ = {isa = PBXBuildFile; fileRef = 00B015ED187C081500D6F349 /* InfoPlist.strings */; };
		00B015F1187C081500D6F349 /* p225Tests.m in Sources */ = {isa = PBXBuildFile; fileRef = 00B015F0187C081500D6F349 /* p225Tests.m */; };
		00B01601187C100B00D6F349 /* ss.png in Resources */ = {isa = PBXBuildFile; fileRef = 00B01600187C100B00D6F349 /* ss.png */; };
/* End PBXBuildFile section */

/* Begin PBXContainerItemProxy section */
		00B015E8187C081500D6F349 /* PBXContainerItemProxy */ = {
			isa = PBXContainerItemProxy;
			containerPortal = 00B015BA187C081500D6F349 /* Project object */;
			proxyType = 1;
			remoteGlobalIDString = 00B015C1187C081500D6F349;
			remoteInfo = p225;
		};
/* End PBXContainerItemProxy section */

/* Begin PBXFileReference section */
		00B015C2187C081500D6F349 /* p225.app */ = {isa = PBXFileReference; explicitFileType = wrapper.application; includeInIndex = 0; path = p225.app; sourceTree = BUILT_PRODUCTS_DIR; };
		00B015C5187C081500D6F349 /* Foundation.framework */ = {isa = PBXFileReference; lastKnownFileType = wrapper.framework; name = Foundation.framework; path = System/Library/Frameworks/Foundation.framework; sourceTree = SDKROOT; };
		00B015C7187C081500D6F349 /* CoreGraphics.framework */ = {isa = PBXFileReference; lastKnownFileType = wrapper.framework; name = CoreGraphics.framework; path = System/Library/Frameworks/CoreGraphics.framework; sourceTree = SDKROOT; };
		00B015C9187C081500D6F349 /* UIKit.framework */ = {isa = PBXFileReference; lastKnownFileType = wrapper.framework; name = UIKit.framework; path = System/Library/Frameworks/UIKit.framework; sourceTree = SDKROOT; };
		00B015CD187C081500D6F349 /* p225-Info.plist */ = {isa = PBXFileReference; lastKnownFileType = text.plist.xml; path = "p225-Info.plist"; sourceTree = "<group>"; };
		00B015CF187C081500D6F349 /* en */ = {isa = PBXFileReference; lastKnownFileType = text.plist.strings; name = en; path = en.lproj/InfoPlist.strings; sourceTree = "<group>"; };
		00B015D1187C081500D6F349 /* main.m */ = {isa = PBXFileReference; lastKnownFileType = sourcecode.c.objc; path = main.m; sourceTree = "<group>"; };
		00B015D3187C081500D6F349 /* p225-Prefix.pch */ = {isa = PBXFileReference; lastKnownFileType = sourcecode.c.h; path = "p225-Prefix.pch"; sourceTree = "<group>"; };
		00B015D4187C081500D6F349 /* AppDelegate.h */ = {isa = PBXFileReference; lastKnownFileType = sourcecode.c.h; path = AppDelegate.h; sourceTree = "<group>"; };
		00B015D5187C081500D6F349 /* AppDelegate.m */ = {isa = PBXFileReference; lastKnownFileType = sourcecode.c.objc; path = AppDelegate.m; sourceTree = "<group>"; };
		00B015D8187C081500D6F349 /* Base */ = {isa = PBXFileReference; lastKnownFileType = file.storyboard; name = Base; path = Base.lproj/Main.storyboard; sourceTree = "<group>"; };
		00B015DA187C081500D6F349 /* ViewController.h */ = {isa = PBXFileReference; lastKnownFileType = sourcecode.c.h; path = ViewController.h; sourceTree = "<group>"; };
		00B015DB187C081500D6F349 /* ViewController.m */ = {isa = PBXFileReference; lastKnownFileType = sourcecode.c.objc; path = ViewController.m; sourceTree = "<group>"; };
		00B015DD187C081500D6F349 /* Images.xcassets */ = {isa = PBXFileReference; lastKnownFileType = folder.assetcatalog; path = Images.xcassets; sourceTree = "<group>"; };
		00B015E3187C081500D6F349 /* p225Tests.xctest */ = {isa = PBXFileReference; explicitFileType = wrapper.cfbundle; includeInIndex = 0; path = p225Tests.xctest; sourceTree = BUILT_PRODUCTS_DIR; };
		00B015E4187C081500D6F349 /* XCTest.framework */ = {isa = PBXFileReference; lastKnownFileType = wrapper.framework; name = XCTest.framework; path = Library/Frameworks/XCTest.framework; sourceTree = DEVELOPER_DIR; };
		00B015EC187C081500D6F349 /* p225Tests-Info.plist */ = {isa = PBXFileReference; lastKnownFileType = text.plist.xml; path = "p225Tests-Info.plist"; sourceTree = "<group>"; };
		00B015EE187C081500D6F349 /* en */ = {isa = PBXFileReference; lastKnownFileType = text.plist.strings; name = en; path = en.lproj/InfoPlist.strings; sourceTree = "<group>"; };
		00B015F0187C081500D6F349 /* p225Tests.m */ = {isa = PBXFileReference; lastKnownFileType = sourcecode.c.objc; path = p225Tests.m; sourceTree = "<group>"; };
		00B01600187C100B00D6F349 /* ss.png */ = {isa = PBXFileReference; lastKnownFileType = image.png; path = ss.png; sourceTree = "<group>"; };
/* End PBXFileReference section */

/* Begin PBXFrameworksBuildPhase section */
		00B015BF187C081500D6F349 /* Frameworks */ = {
			isa = PBXFrameworksBuildPhase;
			buildActionMask = 2147483647;
			files = (
				00B015C8187C081500D6F349 /* CoreGraphics.framework in Frameworks */,
				00B015CA187C081500D6F349 /* UIKit.framework in Frameworks */,
				00B015C6187C081500D6F349 /* Foundation.framework in Frameworks */,
			);
			runOnlyForDeploymentPostprocessing = 0;
		};
		00B015E0187C081500D6F349 /* Frameworks */ = {
			isa = PBXFrameworksBuildPhase;
			buildActionMask = 2147483647;
			files = (
				00B015E5187C081500D6F349 /* XCTest.framework in Frameworks */,
				00B015E7187C081500D6F349 /* UIKit.framework in Frameworks */,
				00B015E6187C081500D6F349 /* Foundation.framework in Frameworks */,
			);
			runOnlyForDeploymentPostprocessing = 0;
		};
/* End PBXFrameworksBuildPhase section */

/* Begin PBXGroup section */
		00B015B9187C081500D6F349 = {
			isa = PBXGroup;
			children = (
				00B015CB187C081500D6F349 /* p225 */,
				00B015EA187C081500D6F349 /* p225Tests */,
				00B015C4187C081500D6F349 /* Frameworks */,
				00B015C3187C081500D6F349 /* Products */,
			);
			sourceTree = "<group>";
		};
		00B015C3187C081500D6F349 /* Products */ = {
			isa = PBXGroup;
			children = (
				00B015C2187C081500D6F349 /* p225.app */,
				00B015E3187C081500D6F349 /* p225Tests.xctest */,
			);
			name = Products;
			sourceTree = "<group>";
		};
		00B015C4187C081500D6F349 /* Frameworks */ = {
			isa = PBXGroup;
			children = (
				00B015C5187C081500D6F349 /* Foundation.framework */,
				00B015C7187C081500D6F349 /* CoreGraphics.framework */,
				00B015C9187C081500D6F349 /* UIKit.framework */,
				00B015E4187C081500D6F349 /* XCTest.framework */,
			);
			name = Frameworks;
			sourceTree = "<group>";
		};
		00B015CB187C081500D6F349 /* p225 */ = {
			isa = PBXGroup;
			children = (
				00B01600187C100B00D6F349 /* ss.png */,
				00B015D4187C081500D6F349 /* AppDelegate.h */,
				00B015D5187C081500D6F349 /* AppDelegate.m */,
				00B015D7187C081500D6F349 /* Main.storyboard */,
				00B015DA187C081500D6F349 /* ViewController.h */,
				00B015DB187C081500D6F349 /* ViewController.m */,
				00B015DD187C081500D6F349 /* Images.xcassets */,
				00B015CC187C081500D6F349 /* Supporting Files */,
			);
			path = p225;
			sourceTree = "<group>";
		};
		00B015CC187C081500D6F349 /* Supporting Files */ = {
			isa = PBXGroup;
			children = (
				00B015CD187C081500D6F349 /* p225-Info.plist */,
				00B015CE187C081500D6F349 /* InfoPlist.strings */,
				00B015D1187C081500D6F349 /* main.m */,
				00B015D3187C081500D6F349 /* p225-Prefix.pch */,
			);
			name = "Supporting Files";
			sourceTree = "<group>";
		};
		00B015EA187C081500D6F349 /* p225Tests */ = {
			isa = PBXGroup;
			children = (
				00B015F0187C081500D6F349 /* p225Tests.m */,
				00B015EB187C081500D6F349 /* Supporting Files */,
			);
			path = p225Tests;
			sourceTree = "<group>";
		};
		00B015EB187C081500D6F349 /* Supporting Files */ = {
			isa = PBXGroup;
			children = (
				00B015EC187C081500D6F349 /* p225Tests-Info.plist */,
				00B015ED187C081500D6F349 /* InfoPlist.strings */,
			);
			name = "Supporting Files";
			sourceTree = "<group>";
		};
/* End PBXGroup section */

/* Begin PBXNativeTarget section */
		00B015C1187C081500D6F349 /* p225 */ = {
			isa = PBXNativeTarget;
			buildConfigurationList = 00B015F4187C081500D6F349 /* Build configuration list for PBXNativeTarget "p225" */;
			buildPhases = (
				00B015BE187C081500D6F349 /* Sources */,
				00B015BF187C081500D6F349 /* Frameworks */,
				00B015C0187C081500D6F349 /* Resources */,
			);
			buildRules = (
			);
			dependencies = (
			);
			name = p225;
			productName = p225;
			productReference = 00B015C2187C081500D6F349 /* p225.app */;
			productType = "com.apple.product-type.application";
		};
		00B015E2187C081500D6F349 /* p225Tests */ = {
			isa = PBXNativeTarget;
			buildConfigurationList = 00B015F7187C081500D6F349 /* Build configuration list for PBXNativeTarget "p225Tests" */;
			buildPhases = (
				00B015DF187C081500D6F349 /* Sources */,
				00B015E0187C081500D6F349 /* Frameworks */,
				00B015E1187C081500D6F349 /* Resources */,
			);
			buildRules = (
			);
			dependencies = (
				00B015E9187C081500D6F349 /* PBXTargetDependency */,
			);
			name = p225Tests;
			productName = p225Tests;
			productReference = 00B015E3187C081500D6F349 /* p225Tests.xctest */;
			productType = "com.apple.product-type.bundle.unit-test";
		};
/* End PBXNativeTarget section */

/* Begin PBXProject section */
		00B015BA187C081500D6F349 /* Project object */ = {
			isa = PBXProject;
			attributes = {
				LastUpgradeCheck = 0500;
				ORGANIZATIONNAME = "SDT-1";
				TargetAttributes = {
					00B015E2187C081500D6F349 = {
						TestTargetID = 00B015C1187C081500D6F349;
					};
				};
			};
			buildConfigurationList = 00B015BD187C081500D6F349 /* Build configuration list for PBXProject "p225" */;
			compatibilityVersion = "Xcode 3.2";
			developmentRegion = English;
			hasScannedForEncodings = 0;
			knownRegions = (
				en,
				Base,
			);
			mainGroup = 00B015B9187C081500D6F349;
			productRefGroup = 00B015C3187C081500D6F349 /* Products */;
			projectDirPath = "";
			projectRoot = "";
			targets = (
				00B015C1187C081500D6F349 /* p225 */,
				00B015E2187C081500D6F349 /* p225Tests */,
			);
		};
/* End PBXProject section */

/* Begin PBXResourcesBuildPhase section */
		00B015C0187C081500D6F349 /* Resources */ = {
			isa = PBXResourcesBuildPhase;
			buildActionMask = 2147483647;
			files = (
				00B015DE187C081500D6F349 /* Images.xcassets in Resources */,
				00B015D0187C081500D6F349 /* InfoPlist.strings in Resources */,
				00B015D9187C081500D6F349 /* Main.storyboard in Resources */,
				00B01601187C100B00D6F349 /* ss.png in Resources */,
			);
			runOnlyForDeploymentPostprocessing = 0;
		};
		00B015E1187C081500D6F349 /* Resources */ = {
			isa = PBXResourcesBuildPhase;
			buildActionMask = 2147483647;
			files = (
				00B015EF187C081500D6F349 /* InfoPlist.strings in Resources */,
			);
			runOnlyForDeploymentPostprocessing = 0;
		};
/* End PBXResourcesBuildPhase section */

/* Begin PBXSourcesBuildPhase section */
		00B015BE187C081500D6F349 /* Sources */ = {
			isa = PBXSourcesBuildPhase;
			buildActionMask = 2147483647;
			files = (
				00B015DC187C081500D6F349 /* ViewController.m in Sources */,
				00B015D6187C081500D6F349 /* AppDelegate.m in Sources */,
				00B015D2187C081500D6F349 /* main.m in Sources */,
			);
			runOnlyForDeploymentPostprocessing = 0;
		};
		00B015DF187C081500D6F349 /* Sources */ = {
			isa = PBXSourcesBuildPhase;
			buildActionMask = 2147483647;
			files = (
				00B015F1187C081500D6F349 /* p225Tests.m in Sources */,
			);
			runOnlyForDeploymentPostprocessing = 0;
		};
/* End PBXSourcesBuildPhase section */

/* Begin PBXTargetDependency section */
		00B015E9187C081500D6F349 /* PBXTargetDependency */ = {
			isa = PBXTargetDependency;
			target = 00B015C1187C081500D6F349 /* p225 */;
			targetProxy = 00B015E8187C081500D6F349 /* PBXContainerItemProxy */;
		};
/* End PBXTargetDependency section */

/* Begin PBXVariantGroup section */
		00B015CE187C081500D6F349 /* InfoPlist.strings */ = {
			isa = PBXVariantGroup;
			children = (
				00B015CF187C081500D6F349 /* en */,
			);
			name = InfoPlist.strings;
			sourceTree = "<group>";
		};
		00B015D7187C081500D6F349 /* Main.storyboard */ = {
			isa = PBXVariantGroup;
			children = (
				00B015D8187C081500D6F349 /* Base */,
			);
			name = Main.storyboard;
			sourceTree = "<group>";
		};
		00B015ED187C081500D6F349 /* InfoPlist.strings */ = {
			isa = PBXVariantGroup;
			children = (
				00B015EE187C081500D6F349 /* en */,
			);
			name = InfoPlist.strings;
			sourceTree = "<group>";
		};
/* End PBXVariantGroup section */

/* Begin XCBuildConfiguration section */
		00B015F2187C081500D6F349 /* Debug */ = {
			isa = XCBuildConfiguration;
			buildSettings = {
				ALWAYS_SEARCH_USER_PATHS = NO;
				ARCHS = "$(ARCHS_STANDARD_INCLUDING_64_BIT)";
				CLANG_CXX_LANGUAGE_STANDARD = "gnu++0x";
				CLANG_CXX_LIBRARY = "libc++";
				CLANG_ENABLE_MODULES = YES;
				CLANG_ENABLE_OBJC_ARC = YES;
				CLANG_WARN_BOOL_CONVERSION = YES;
				CLANG_WARN_CONSTANT_CONVERSION = YES;
				CLANG_WARN_DIRECT_OBJC_ISA_USAGE = YES_ERROR;
				CLANG_WARN_EMPTY_BODY = YES;
				CLANG_WARN_ENUM_CONVERSION = YES;
				CLANG_WARN_INT_CONVERSION = YES;
				CLANG_WARN_OBJC_ROOT_CLASS = YES_ERROR;
				CLANG_WARN__DUPLICATE_METHOD_MATCH = YES;
				"CODE_SIGN_IDENTITY[sdk=iphoneos*]" = "iPhone Developer";
				COPY_PHASE_STRIP = NO;
				GCC_C_LANGUAGE_STANDARD = gnu99;
				GCC_DYNAMIC_NO_PIC = NO;
				GCC_OPTIMIZATION_LEVEL = 0;
				GCC_PREPROCESSOR_DEFINITIONS = (
					"DEBUG=1",
					"$(inherited)",
				);
				GCC_SYMBOLS_PRIVATE_EXTERN = NO;
				GCC_WARN_64_TO_32_BIT_CONVERSION = YES;
				GCC_WARN_ABOUT_RETURN_TYPE = YES_ERROR;
				GCC_WARN_UNDECLARED_SELECTOR = YES;
				GCC_WARN_UNINITIALIZED_AUTOS = YES;
				GCC_WARN_UNUSED_FUNCTION = YES;
				GCC_WARN_UNUSED_VARIABLE = YES;
				IPHONEOS_DEPLOYMENT_TARGET = 7.0;
				ONLY_ACTIVE_ARCH = YES;
				SDKROOT = iphoneos;
			};
			name = Debug;
		};
		00B015F3187C081500D6F349 /* Release */ = {
			isa = XCBuildConfiguration;
			buildSettings = {
				ALWAYS_SEARCH_USER_PATHS = NO;
				ARCHS = "$(ARCHS_STANDARD_INCLUDING_64_BIT)";
				CLANG_CXX_LANGUAGE_STANDARD = "gnu++0x";
				CLANG_CXX_LIBRARY = "libc++";
				CLANG_ENABLE_MODULES = YES;
				CLANG_ENABLE_OBJC_ARC = YES;
				CLANG_WARN_BOOL_CONVERSION = YES;
				CLANG_WARN_CONSTANT_CONVERSION = YES;
				CLANG_WARN_DIRECT_OBJC_ISA_USAGE = YES_ERROR;
				CLANG_WARN_EMPTY_BODY = YES;
				CLANG_WARN_ENUM_CONVERSION = YES;
				CLANG_WARN_INT_CONVERSION = YES;
				CLANG_WARN_OBJC_ROOT_CLASS = YES_ERROR;
				CLANG_WARN__DUPLICATE_METHOD_MATCH = YES;
				"CODE_SIGN_IDENTITY[sdk=iphoneos*]" = "iPhone Developer";
				COPY_PHASE_STRIP = YES;
				ENABLE_NS_ASSERTIONS = NO;
				GCC_C_LANGUAGE_STANDARD = gnu99;
				GCC_WARN_64_TO_32_BIT_CONVERSION = YES;
				GCC_WARN_ABOUT_RETURN_TYPE = YES_ERROR;
				GCC_WARN_UNDECLARED_SELECTOR = YES;
				GCC_WARN_UNINITIALIZED_AUTOS = YES;
				GCC_WARN_UNUSED_FUNCTION = YES;
				GCC_WARN_UNUSED_VARIABLE = YES;
				IPHONEOS_DEPLOYMENT_TARGET = 7.0;
				SDKROOT = iphoneos;
				VALIDATE_PRODUCT = YES;
			};
			name = Release;
		};
		00B015F5187C081500D6F349 /* Debug */ = {
			isa = XCBuildConfiguration;
			buildSettings = {
				ASSETCATALOG_COMPILER_APPICON_NAME = AppIcon;
				ASSETCATALOG_COMPILER_LAUNCHIMAGE_NAME = LaunchImage;
				GCC_PRECOMPILE_PREFIX_HEADER = YES;
				GCC_PREFIX_HEADER = "p225/p225-Prefix.pch";
				INFOPLIST_FILE = "p225/p225-Info.plist";
				PRODUCT_NAME = "$(TARGET_NAME)";
				WRAPPER_EXTENSION = app;
			};
			name = Debug;
		};
		00B015F6187C081500D6F349 /* Release */ = {
			isa = XCBuildConfiguration;
			buildSettings = {
				ASSETCATALOG_COMPILER_APPICON_NAME = AppIcon;
				ASSETCATALOG_COMPILER_LAUNCHIMAGE_NAME = LaunchImage;
				GCC_PRECOMPILE_PREFIX_HEADER = YES;
				GCC_PREFIX_HEADER = "p225/p225-Prefix.pch";
				INFOPLIST_FILE = "p225/p225-Info.plist";
				PRODUCT_NAME = "$(TARGET_NAME)";
				WRAPPER_EXTENSION = app;
			};
			name = Release;
		};
		00B015F8187C081500D6F349 /* Debug */ = {
			isa = XCBuildConfiguration;
			buildSettings = {
				ARCHS = "$(ARCHS_STANDARD_INCLUDING_64_BIT)";
				BUNDLE_LOADER = "$(BUILT_PRODUCTS_DIR)/p225.app/p225";
				FRAMEWORK_SEARCH_PATHS = (
					"$(SDKROOT)/Developer/Library/Frameworks",
					"$(inherited)",
					"$(DEVELOPER_FRAMEWORKS_DIR)",
				);
				GCC_PRECOMPILE_PREFIX_HEADER = YES;
				GCC_PREFIX_HEADER = "p225/p225-Prefix.pch";
				GCC_PREPROCESSOR_DEFINITIONS = (
					"DEBUG=1",
					"$(inherited)",
				);
				INFOPLIST_FILE = "p225Tests/p225Tests-Info.plist";
				PRODUCT_NAME = "$(TARGET_NAME)";
				TEST_HOST = "$(BUNDLE_LOADER)";
				WRAPPER_EXTENSION = xctest;
			};
			name = Debug;
		};
		00B015F9187C081500D6F349 /* Release */ = {
			isa = XCBuildConfiguration;
			buildSettings = {
				ARCHS = "$(ARCHS_STANDARD_INCLUDING_64_BIT)";
				BUNDLE_LOADER = "$(BUILT_PRODUCTS_DIR)/p225.app/p225";
				FRAMEWORK_SEARCH_PATHS = (
					"$(SDKROOT)/Developer/Library/Frameworks",
					"$(inherited)",
					"$(DEVELOPER_FRAMEWORKS_DIR)",
				);
				GCC_PRECOMPILE_PREFIX_HEADER = YES;
				GCC_PREFIX_HEADER = "p225/p225-Prefix.pch";
				INFOPLIST_FILE = "p225Tests/p225Tests-Info.plist";
				PRODUCT_NAME = "$(TARGET_NAME)";
				TEST_HOST = "$(BUNDLE_LOADER)";
				WRAPPER_EXTENSION = xctest;
			};
			name = Release;
		};
/* End XCBuildConfiguration section */

/* Begin XCConfigurationList section */
		00B015BD187C081500D6F349 /* Build configuration list for PBXProject "p225" */ = {
			isa = XCConfigurationList;
			buildConfigurations = (
				00B015F2187C081500D6F349 /* Debug */,
				00B015F3187C081500D6F349 /* Release */,
			);
			defaultConfigurationIsVisible = 0;
			defaultConfigurationName = Release;
		};
		00B015F4187C081500D6F349 /* Build configuration list for PBXNativeTarget "p225" */ = {
			isa = XCConfigurationList;
			buildConfigurations = (
				00B015F5187C081500D6F349 /* Debug */,
				00B015F6187C081500D6F349 /* Release */,
			);
			defaultConfigurationIsVisible = 0;
		};
		00B015F7187C081500D6F349 /* Build configuration list for PBXNativeTarget "p225Tests" */ = {
			isa = XCConfigurationList;
			buildConfigurations = (
				00B015F8187C081500D6F349 /* Debug */,
				00B015F9187C081500D6F349 /* Release */,
			);
			defaultConfigurationIsVisible = 0;
		};
/* End XCConfigurationList section */
	};
	rootObject = 00B015BA187C081500D6F349 /* Project object */;
}
